
Microsoft Visual Studio Solution File, Format Version 12.00
# Visual Studio 15
VisualStudioVersion = 15.0.27703.2026
MinimumVisualStudioVersion = 10.0.40219.1
Project("{FAE04EC0-301F-11D3-BF4B-00C04F79EFBC}") = "alsStop", "alsStop\alsStop.csproj", "{F76AF0E8-2B6C-4B55-95CA-84FE8C989185}"
EndProject
Global
	GlobalSection(SolutionConfigurationPlatforms) = preSolution
		Debug|Any CPU = Debug|Any CPU
		Release|Any CPU = Release|Any CPU
	EndGlobalSection
	GlobalSection(ProjectConfigurationPlatforms) = postSolution
		{F76AF0E8-2B6C-4B55-95CA-84FE8C989185}.Debug|Any CPU.ActiveCfg = Debug|Any CPU
		{F76AF0E8-2B6C-4B55-95CA-84FE8C989185}.Debug|Any CPU.Build.0 = Debug|Any CPU
		{F76AF0E8-2B6C-4B55-95CA-84FE8C989185}.Release|Any CPU.ActiveCfg = Release|Any CPU
		{F76AF0E8-2B6C-4B55-95CA-84FE8C989185}.Release|Any CPU.Build.0 = Release|Any CPU
	EndGlobalSection
	GlobalSection(SolutionProperties) = preSolution
		HideSolutionNode = FALSE
	EndGlobalSection
	GlobalSection(ExtensibilityGlobals) = postSolution
		SolutionGuid = {6FA1DD85-32CF-45E6-81B5-92B300C4443E}
	EndGlobalSection
EndGlobal
